
Microsoft Visual Studio Solution File, Format Version 12.00
# Visual Studio Version 17
VisualStudioVersion = 17.0.31903.59
MinimumVisualStudioVersion = 10.0.40219.1
Project("{FAE04EC0-301F-11D3-BF4B-00C04F79EFBC}") = "Phonebook", "Phonebook\Phonebook.csproj", "{FCAFC270-51F5-4540-8AED-2B7993D0B128}"
EndProject
Global
	GlobalSection(SolutionConfigurationPlatforms) = preSolution
		Debug|Any CPU = Debug|Any CPU
		Release|Any CPU = Release|Any CPU
	EndGlobalSection
	GlobalSection(SolutionProperties) = preSolution
		HideSolutionNode = FALSE
	EndGlobalSection
	GlobalSection(ProjectConfigurationPlatforms) = postSolution
		{FCAFC270-51F5-4540-8AED-2B7993D0B128}.Debug|Any CPU.ActiveCfg = Debug|Any CPU
		{FCAFC270-51F5-4540-8AED-2B7993D0B128}.Debug|Any CPU.Build.0 = Debug|Any CPU
		{FCAFC270-51F5-4540-8AED-2B7993D0B128}.Release|Any CPU.ActiveCfg = Release|Any CPU
		{FCAFC270-51F5-4540-8AED-2B7993D0B128}.Release|Any CPU.Build.0 = Release|Any CPU
	EndGlobalSection
EndGlobal
